
Microsoft Visual Studio Solution File, Format Version 12.00
# Visual Studio Version 17
VisualStudioVersion = 17.7.34009.444
MinimumVisualStudioVersion = 10.0.40219.1
Project("{FAE04EC0-301F-11D3-BF4B-00C04F79EFBC}") = "Exam_NetworkP", "Exam_NetworkP\Exam_NetworkP.csproj", "{B37D3856-5AD2-4ABA-A796-96A4F45C5FCB}"
EndProject
Global
	GlobalSection(SolutionConfigurationPlatforms) = preSolution
		Debug|Any CPU = Debug|Any CPU
		Release|Any CPU = Release|Any CPU
	EndGlobalSection
	GlobalSection(ProjectConfigurationPlatforms) = postSolution
		{B37D3856-5AD2-4ABA-A796-96A4F45C5FCB}.Debug|Any CPU.ActiveCfg = Debug|Any CPU
		{B37D3856-5AD2-4ABA-A796-96A4F45C5FCB}.Debug|Any CPU.Build.0 = Debug|Any CPU
		{B37D3856-5AD2-4ABA-A796-96A4F45C5FCB}.Release|Any CPU.ActiveCfg = Release|Any CPU
		{B37D3856-5AD2-4ABA-A796-96A4F45C5FCB}.Release|Any CPU.Build.0 = Release|Any CPU
	EndGlobalSection
	GlobalSection(SolutionProperties) = preSolution
		HideSolutionNode = FALSE
	EndGlobalSection
	GlobalSection(ExtensibilityGlobals) = postSolution
		SolutionGuid = {3A12CB99-2195-43B6-A005-288901486697}
	EndGlobalSection
EndGlobal
